// !$*UTF8*$!
{
	archiveVersion = 1;
	classes = {
	};
	objectVersion = 54;
	objects = {

/* Begin PBXBuildFile section */
		00E356F31AD99517003FC87E /* SafelyMobileAppTests.m in Sources */ = {isa = PBXBuildFile; fileRef = 00E356F21AD99517003FC87E /* SafelyMobileAppTests.m */; };
		0F3522109361715305461021 /* libPods-SafelyMobileApp-SafelyMobileAppTests.a in Frameworks */ = {isa = PBXBuildFile; fileRef = A087B44191647BE9184DE8FB /* libPods-SafelyMobileApp-SafelyMobileAppTests.a */; };
		13B07FBC1A68108700A75B9A /* AppDelegate.m in Sources */ = {isa = PBXBuildFile; fileRef = 13B07FB01A68108700A75B9A /* AppDelegate.m */; };
		13B07FBF1A68108700A75B9A /* Images.xcassets in Resources */ = {isa = PBXBuildFile; fileRef = 13B07FB51A68108700A75B9A /* Images.xcassets */; };
		13B07FC11A68108700A75B9A /* main.m in Sources */ = {isa = PBXBuildFile; fileRef = 13B07FB71A68108700A75B9A /* main.m */; };
		7C8D52B47E76A3384B6A486F /* libPods-SafelyMobileApp.a in Frameworks */ = {isa = PBXBuildFile; fileRef = 250425FAD6E620AC2C2E6B1A /* libPods-SafelyMobileApp.a */; };
		81AB9BB82411601600AC10FF /* LaunchScreen.storyboard in Resources */ = {isa = PBXBuildFile; fileRef = 81AB9BB72411601600AC10FF /* LaunchScreen.storyboard */; };
		B495E33914504614905878F4 /* AntDesign.ttf in Resources */ = {isa = PBXBuildFile; fileRef = 18266672FDAC49A3912008B8 /* AntDesign.ttf */; };
		930D8696CF844B07BFABDD87 /* Entypo.ttf in Resources */ = {isa = PBXBuildFile; fileRef = C2879EE94C3C4D77B17CE2CB /* Entypo.ttf */; };
		19FEB2FAC4054FC0B6ED7A67 /* EvilIcons.ttf in Resources */ = {isa = PBXBuildFile; fileRef = E6470DFD5E384C05A1F58659 /* EvilIcons.ttf */; };
		5AD5C1826970484B87BB556F /* Feather.ttf in Resources */ = {isa = PBXBuildFile; fileRef = 04154088E2A64878A5E1A243 /* Feather.ttf */; };
		D85618413C5F40F5986FC500 /* FontAwesome.ttf in Resources */ = {isa = PBXBuildFile; fileRef = 6527F7A672924AF1BB40AEDA /* FontAwesome.ttf */; };
		E3EDC0981BA6405EBCB741C6 /* FontAwesome5_Brands.ttf in Resources */ = {isa = PBXBuildFile; fileRef = 8B2C773E245141A4BF4E47A8 /* FontAwesome5_Brands.ttf */; };
		C7C0AFBAAC4F487288172748 /* FontAwesome5_Regular.ttf in Resources */ = {isa = PBXBuildFile; fileRef = F7945488FC994657B39B6782 /* FontAwesome5_Regular.ttf */; };
		F4D41AB7FBCA4197A614FBD8 /* FontAwesome5_Solid.ttf in Resources */ = {isa = PBXBuildFile; fileRef = 614674DA41FD4395971754A8 /* FontAwesome5_Solid.ttf */; };
		BEC4B39E06924C53839A71A5 /* Fontisto.ttf in Resources */ = {isa = PBXBuildFile; fileRef = 9C23EA53CE574E58BF55B842 /* Fontisto.ttf */; };
		FCFF6FC1D4F5409CA7EB767E /* Foundation.ttf in Resources */ = {isa = PBXBuildFile; fileRef = B4FDA046BCE64C2FB702A2F6 /* Foundation.ttf */; };
		5A22D9FC4F9547F7B864841B /* Ionicons.ttf in Resources */ = {isa = PBXBuildFile; fileRef = 35A02553ABF44D3A8FFFB0AE /* Ionicons.ttf */; };
		E4CA7006896A44C3A6D89803 /* MaterialCommunityIcons.ttf in Resources */ = {isa = PBXBuildFile; fileRef = 96C02071A5EA4255B26D79C2 /* MaterialCommunityIcons.ttf */; };
		9663C643C3344A848001D462 /* MaterialIcons.ttf in Resources */ = {isa = PBXBuildFile; fileRef = 7391FAD5AB12403F92559D7A /* MaterialIcons.ttf */; };
		4DAB970BFA5A4C76971B42AE /* Octicons.ttf in Resources */ = {isa = PBXBuildFile; fileRef = 08C8AC90691A4BDC922BE9F3 /* Octicons.ttf */; };
		F143A9FCA3FE4C73AB32B5C1 /* SimpleLineIcons.ttf in Resources */ = {isa = PBXBuildFile; fileRef = BBEF7BFC7D0A4EF1A35D936C /* SimpleLineIcons.ttf */; };
		3D19FEFA325148A4A3305EE7 /* Zocial.ttf in Resources */ = {isa = PBXBuildFile; fileRef = 7C156AFD814A4B47B6CEF264 /* Zocial.ttf */; };
		9B6B45DC1EAF4950B3D2B29E /* WorkSans-Bold.ttf in Resources */ = {isa = PBXBuildFile; fileRef = F16236F2DDAD41139C8B0574 /* WorkSans-Bold.ttf */; };
		CD2FE51CBFAB4BA49BC35C9D /* WorkSans-Light.ttf in Resources */ = {isa = PBXBuildFile; fileRef = 78B7A4FA1C8E4F619D049236 /* WorkSans-Light.ttf */; };
		4BE61604263A42EDBF85F416 /* WorkSans-Medium.ttf in Resources */ = {isa = PBXBuildFile; fileRef = D3600D4B9B6042B48DBEE5E3 /* WorkSans-Medium.ttf */; };
		732427AA8E3D4EE7918ECDF0 /* WorkSans-Regular.ttf in Resources */ = {isa = PBXBuildFile; fileRef = 958FA48E4EAF4177A5292417 /* WorkSans-Regular.ttf */; };
		2D5853BF3E2144E6B300127A /* WorkSans-SemiBold.ttf in Resources */ = {isa = PBXBuildFile; fileRef = 63E299B3C66F4802BAD1A7F4 /* WorkSans-SemiBold.ttf */; };
		60697CC9BDEC45ED9193F4BE /* AntDesign.ttf in Resources */ = {isa = PBXBuildFile; fileRef = 8EB0028AC8F24A9C9C4F9354 /* AntDesign.ttf */; };
		807A1ADAB0744B16AFA203AC /* Entypo.ttf in Resources */ = {isa = PBXBuildFile; fileRef = 87D67AE4DADF4B2C9CFE3F48 /* Entypo.ttf */; };
		6B00CEEEE5DA453DA66E8300 /* EvilIcons.ttf in Resources */ = {isa = PBXBuildFile; fileRef = F5C96D32873A443987FA759A /* EvilIcons.ttf */; };
		C60D6C640E7C4654B21E74D4 /* Feather.ttf in Resources */ = {isa = PBXBuildFile; fileRef = 1696E5DF8E6048FFB135BC2F /* Feather.ttf */; };
		0A039C2DD47544648BEE9E85 /* FontAwesome.ttf in Resources */ = {isa = PBXBuildFile; fileRef = 3D63CC33E7974D2F85713E35 /* FontAwesome.ttf */; };
		64D08990A91442379C50D414 /* FontAwesome5_Brands.ttf in Resources */ = {isa = PBXBuildFile; fileRef = AA59389F4B08442097A6EF37 /* FontAwesome5_Brands.ttf */; };
		A28A66DB28974E399FFF9C91 /* FontAwesome5_Regular.ttf in Resources */ = {isa = PBXBuildFile; fileRef = 80A83A9CD48E479CB541C87C /* FontAwesome5_Regular.ttf */; };
		168C6776F0B9480FBA8E16DD /* FontAwesome5_Solid.ttf in Resources */ = {isa = PBXBuildFile; fileRef = 89524DFCDF874DECB79D4AC5 /* FontAwesome5_Solid.ttf */; };
		81F5EF8F24FD47A590C3C146 /* Fontisto.ttf in Resources */ = {isa = PBXBuildFile; fileRef = 0DEEB98B966A4C8183513886 /* Fontisto.ttf */; };
		955DBF022A414C40948F4291 /* Foundation.ttf in Resources */ = {isa = PBXBuildFile; fileRef = ED99CF3A0A8F471F9E285007 /* Foundation.ttf */; };
		63193E340A1545A58C2BC5CF /* Ionicons.ttf in Resources */ = {isa = PBXBuildFile; fileRef = 94F5A8019B2F4DF9996474A6 /* Ionicons.ttf */; };
		2A81B5DF4748461FB94307E6 /* MaterialCommunityIcons.ttf in Resources */ = {isa = PBXBuildFile; fileRef = 4D3D81F28AFC41EEA37D5569 /* MaterialCommunityIcons.ttf */; };
		FB0998CDBBC7490286E3B642 /* MaterialIcons.ttf in Resources */ = {isa = PBXBuildFile; fileRef = AFF7D3B29DBC4B07BF0D41A3 /* MaterialIcons.ttf */; };
		ACF79A1967164CB0A27BD367 /* Octicons.ttf in Resources */ = {isa = PBXBuildFile; fileRef = C94CB5C2CB444D6CA126A422 /* Octicons.ttf */; };
		BDF2EE36FD324DF3B58D268A /* Roboto_medium.ttf in Resources */ = {isa = PBXBuildFile; fileRef = 63755C4C6F0149249A8C3792 /* Roboto_medium.ttf */; };
		D6601C5F46DB4AA283663A5A /* Roboto.ttf in Resources */ = {isa = PBXBuildFile; fileRef = E0AC5961E48E4519966EA79A /* Roboto.ttf */; };
		B47E819C8F7D468596E212F0 /* rubicon-icon-font.ttf in Resources */ = {isa = PBXBuildFile; fileRef = 0E7A0A9766064763A5A7EA28 /* rubicon-icon-font.ttf */; };
		EBD8F56D5B26474589BE2774 /* SimpleLineIcons.ttf in Resources */ = {isa = PBXBuildFile; fileRef = B9137115565B452796BBE7B7 /* SimpleLineIcons.ttf */; };
		431F9139B8574FF3AD1C7808 /* Zocial.ttf in Resources */ = {isa = PBXBuildFile; fileRef = E745EB2EA1564D60A53A9219 /* Zocial.ttf */; };
/* End PBXBuildFile section */

/* Begin PBXContainerItemProxy section */
		00E356F41AD99517003FC87E /* PBXContainerItemProxy */ = {
			isa = PBXContainerItemProxy;
			containerPortal = 83CBB9F71A601CBA00E9B192 /* Project object */;
			proxyType = 1;
			remoteGlobalIDString = 13B07F861A680F5B00A75B9A;
			remoteInfo = SafelyMobileApp;
		};
/* End PBXContainerItemProxy section */

/* Begin PBXFileReference section */
		00E356EE1AD99517003FC87E /* SafelyMobileAppTests.xctest */ = {isa = PBXFileReference; explicitFileType = wrapper.cfbundle; includeInIndex = 0; path = SafelyMobileAppTests.xctest; sourceTree = BUILT_PRODUCTS_DIR; };
		00E356F11AD99517003FC87E /* Info.plist */ = {isa = PBXFileReference; lastKnownFileType = text.plist.xml; path = Info.plist; sourceTree = "<group>"; };
		00E356F21AD99517003FC87E /* SafelyMobileAppTests.m */ = {isa = PBXFileReference; lastKnownFileType = sourcecode.c.objc; path = SafelyMobileAppTests.m; sourceTree = "<group>"; };
		13B07F961A680F5B00A75B9A /* SafelyMobileApp.app */ = {isa = PBXFileReference; explicitFileType = wrapper.application; includeInIndex = 0; path = SafelyMobileApp.app; sourceTree = BUILT_PRODUCTS_DIR; };
		13B07FAF1A68108700A75B9A /* AppDelegate.h */ = {isa = PBXFileReference; fileEncoding = 4; lastKnownFileType = sourcecode.c.h; name = AppDelegate.h; path = SafelyMobileApp/AppDelegate.h; sourceTree = "<group>"; };
		13B07FB01A68108700A75B9A /* AppDelegate.m */ = {isa = PBXFileReference; fileEncoding = 4; lastKnownFileType = sourcecode.c.objc; name = AppDelegate.m; path = SafelyMobileApp/AppDelegate.m; sourceTree = "<group>"; };
		13B07FB51A68108700A75B9A /* Images.xcassets */ = {isa = PBXFileReference; lastKnownFileType = folder.assetcatalog; name = Images.xcassets; path = SafelyMobileApp/Images.xcassets; sourceTree = "<group>"; };
		13B07FB61A68108700A75B9A /* Info.plist */ = {isa = PBXFileReference; fileEncoding = 4; lastKnownFileType = text.plist.xml; name = Info.plist; path = SafelyMobileApp/Info.plist; sourceTree = "<group>"; };
		13B07FB71A68108700A75B9A /* main.m */ = {isa = PBXFileReference; fileEncoding = 4; lastKnownFileType = sourcecode.c.objc; name = main.m; path = SafelyMobileApp/main.m; sourceTree = "<group>"; };
		250425FAD6E620AC2C2E6B1A /* libPods-SafelyMobileApp.a */ = {isa = PBXFileReference; explicitFileType = archive.ar; includeInIndex = 0; path = "libPods-SafelyMobileApp.a"; sourceTree = BUILT_PRODUCTS_DIR; };
		586A291A9D9B9232FF4FD416 /* Pods-SafelyMobileApp-SafelyMobileAppTests.debug.xcconfig */ = {isa = PBXFileReference; includeInIndex = 1; lastKnownFileType = text.xcconfig; name = "Pods-SafelyMobileApp-SafelyMobileAppTests.debug.xcconfig"; path = "Target Support Files/Pods-SafelyMobileApp-SafelyMobileAppTests/Pods-SafelyMobileApp-SafelyMobileAppTests.debug.xcconfig"; sourceTree = "<group>"; };
		5D04A5F003D31754A50239FA /* Pods-SafelyMobileApp.debug.xcconfig */ = {isa = PBXFileReference; includeInIndex = 1; lastKnownFileType = text.xcconfig; name = "Pods-SafelyMobileApp.debug.xcconfig"; path = "Target Support Files/Pods-SafelyMobileApp/Pods-SafelyMobileApp.debug.xcconfig"; sourceTree = "<group>"; };
		61F5CB49AB1B2BB3B6717DFA /* Pods-SafelyMobileApp.release.xcconfig */ = {isa = PBXFileReference; includeInIndex = 1; lastKnownFileType = text.xcconfig; name = "Pods-SafelyMobileApp.release.xcconfig"; path = "Target Support Files/Pods-SafelyMobileApp/Pods-SafelyMobileApp.release.xcconfig"; sourceTree = "<group>"; };
		81AB9BB72411601600AC10FF /* LaunchScreen.storyboard */ = {isa = PBXFileReference; fileEncoding = 4; lastKnownFileType = file.storyboard; name = LaunchScreen.storyboard; path = SafelyMobileApp/LaunchScreen.storyboard; sourceTree = "<group>"; };
		A087B44191647BE9184DE8FB /* libPods-SafelyMobileApp-SafelyMobileAppTests.a */ = {isa = PBXFileReference; explicitFileType = archive.ar; includeInIndex = 0; path = "libPods-SafelyMobileApp-SafelyMobileAppTests.a"; sourceTree = BUILT_PRODUCTS_DIR; };
		ED297162215061F000B7C4FE /* JavaScriptCore.framework */ = {isa = PBXFileReference; lastKnownFileType = wrapper.framework; name = JavaScriptCore.framework; path = System/Library/Frameworks/JavaScriptCore.framework; sourceTree = SDKROOT; };
		F92B0C2233BF2FB4213AF907 /* Pods-SafelyMobileApp-SafelyMobileAppTests.release.xcconfig */ = {isa = PBXFileReference; includeInIndex = 1; lastKnownFileType = text.xcconfig; name = "Pods-SafelyMobileApp-SafelyMobileAppTests.release.xcconfig"; path = "Target Support Files/Pods-SafelyMobileApp-SafelyMobileAppTests/Pods-SafelyMobileApp-SafelyMobileAppTests.release.xcconfig"; sourceTree = "<group>"; };
		18266672FDAC49A3912008B8 /* AntDesign.ttf */ = {isa = PBXFileReference; name = "AntDesign.ttf"; path = "../node_modules/react-native-vector-icons/Fonts/AntDesign.ttf"; sourceTree = "<group>"; fileEncoding = undefined; lastKnownFileType = unknown; explicitFileType = undefined; includeInIndex = 0; };
		C2879EE94C3C4D77B17CE2CB /* Entypo.ttf */ = {isa = PBXFileReference; name = "Entypo.ttf"; path = "../node_modules/react-native-vector-icons/Fonts/Entypo.ttf"; sourceTree = "<group>"; fileEncoding = undefined; lastKnownFileType = unknown; explicitFileType = undefined; includeInIndex = 0; };
		E6470DFD5E384C05A1F58659 /* EvilIcons.ttf */ = {isa = PBXFileReference; name = "EvilIcons.ttf"; path = "../node_modules/react-native-vector-icons/Fonts/EvilIcons.ttf"; sourceTree = "<group>"; fileEncoding = undefined; lastKnownFileType = unknown; explicitFileType = undefined; includeInIndex = 0; };
		04154088E2A64878A5E1A243 /* Feather.ttf */ = {isa = PBXFileReference; name = "Feather.ttf"; path = "../node_modules/react-native-vector-icons/Fonts/Feather.ttf"; sourceTree = "<group>"; fileEncoding = undefined; lastKnownFileType = unknown; explicitFileType = undefined; includeInIndex = 0; };
		6527F7A672924AF1BB40AEDA /* FontAwesome.ttf */ = {isa = PBXFileReference; name = "FontAwesome.ttf"; path = "../node_modules/react-native-vector-icons/Fonts/FontAwesome.ttf"; sourceTree = "<group>"; fileEncoding = undefined; lastKnownFileType = unknown; explicitFileType = undefined; includeInIndex = 0; };
		8B2C773E245141A4BF4E47A8 /* FontAwesome5_Brands.ttf */ = {isa = PBXFileReference; name = "FontAwesome5_Brands.ttf"; path = "../node_modules/react-native-vector-icons/Fonts/FontAwesome5_Brands.ttf"; sourceTree = "<group>"; fileEncoding = undefined; lastKnownFileType = unknown; explicitFileType = undefined; includeInIndex = 0; };
		F7945488FC994657B39B6782 /* FontAwesome5_Regular.ttf */ = {isa = PBXFileReference; name = "FontAwesome5_Regular.ttf"; path = "../node_modules/react-native-vector-icons/Fonts/FontAwesome5_Regular.ttf"; sourceTree = "<group>"; fileEncoding = undefined; lastKnownFileType = unknown; explicitFileType = undefined; includeInIndex = 0; };
		614674DA41FD4395971754A8 /* FontAwesome5_Solid.ttf */ = {isa = PBXFileReference; name = "FontAwesome5_Solid.ttf"; path = "../node_modules/react-native-vector-icons/Fonts/FontAwesome5_Solid.ttf"; sourceTree = "<group>"; fileEncoding = undefined; lastKnownFileType = unknown; explicitFileType = undefined; includeInIndex = 0; };
		9C23EA53CE574E58BF55B842 /* Fontisto.ttf */ = {isa = PBXFileReference; name = "Fontisto.ttf"; path = "../node_modules/react-native-vector-icons/Fonts/Fontisto.ttf"; sourceTree = "<group>"; fileEncoding = undefined; lastKnownFileType = unknown; explicitFileType = undefined; includeInIndex = 0; };
		B4FDA046BCE64C2FB702A2F6 /* Foundation.ttf */ = {isa = PBXFileReference; name = "Foundation.ttf"; path = "../node_modules/react-native-vector-icons/Fonts/Foundation.ttf"; sourceTree = "<group>"; fileEncoding = undefined; lastKnownFileType = unknown; explicitFileType = undefined; includeInIndex = 0; };
		35A02553ABF44D3A8FFFB0AE /* Ionicons.ttf */ = {isa = PBXFileReference; name = "Ionicons.ttf"; path = "../node_modules/react-native-vector-icons/Fonts/Ionicons.ttf"; sourceTree = "<group>"; fileEncoding = undefined; lastKnownFileType = unknown; explicitFileType = undefined; includeInIndex = 0; };
		96C02071A5EA4255B26D79C2 /* MaterialCommunityIcons.ttf */ = {isa = PBXFileReference; name = "MaterialCommunityIcons.ttf"; path = "../node_modules/react-native-vector-icons/Fonts/MaterialCommunityIcons.ttf"; sourceTree = "<group>"; fileEncoding = undefined; lastKnownFileType = unknown; explicitFileType = undefined; includeInIndex = 0; };
		7391FAD5AB12403F92559D7A /* MaterialIcons.ttf */ = {isa = PBXFileReference; name = "MaterialIcons.ttf"; path = "../node_modules/react-native-vector-icons/Fonts/MaterialIcons.ttf"; sourceTree = "<group>"; fileEncoding = undefined; lastKnownFileType = unknown; explicitFileType = undefined; includeInIndex = 0; };
		08C8AC90691A4BDC922BE9F3 /* Octicons.ttf */ = {isa = PBXFileReference; name = "Octicons.ttf"; path = "../node_modules/react-native-vector-icons/Fonts/Octicons.ttf"; sourceTree = "<group>"; fileEncoding = undefined; lastKnownFileType = unknown; explicitFileType = undefined; includeInIndex = 0; };
		BBEF7BFC7D0A4EF1A35D936C /* SimpleLineIcons.ttf */ = {isa = PBXFileReference; name = "SimpleLineIcons.ttf"; path = "../node_modules/react-native-vector-icons/Fonts/SimpleLineIcons.ttf"; sourceTree = "<group>"; fileEncoding = undefined; lastKnownFileType = unknown; explicitFileType = undefined; includeInIndex = 0; };
		7C156AFD814A4B47B6CEF264 /* Zocial.ttf */ = {isa = PBXFileReference; name = "Zocial.ttf"; path = "../node_modules/react-native-vector-icons/Fonts/Zocial.ttf"; sourceTree = "<group>"; fileEncoding = undefined; lastKnownFileType = unknown; explicitFileType = undefined; includeInIndex = 0; };
		F16236F2DDAD41139C8B0574 /* WorkSans-Bold.ttf */ = {isa = PBXFileReference; name = "WorkSans-Bold.ttf"; path = "../assets/fonts/WorkSans-Bold.ttf"; sourceTree = "<group>"; fileEncoding = undefined; lastKnownFileType = unknown; explicitFileType = undefined; includeInIndex = 0; };
		78B7A4FA1C8E4F619D049236 /* WorkSans-Light.ttf */ = {isa = PBXFileReference; name = "WorkSans-Light.ttf"; path = "../assets/fonts/WorkSans-Light.ttf"; sourceTree = "<group>"; fileEncoding = undefined; lastKnownFileType = unknown; explicitFileType = undefined; includeInIndex = 0; };
		D3600D4B9B6042B48DBEE5E3 /* WorkSans-Medium.ttf */ = {isa = PBXFileReference; name = "WorkSans-Medium.ttf"; path = "../assets/fonts/WorkSans-Medium.ttf"; sourceTree = "<group>"; fileEncoding = undefined; lastKnownFileType = unknown; explicitFileType = undefined; includeInIndex = 0; };
		958FA48E4EAF4177A5292417 /* WorkSans-Regular.ttf */ = {isa = PBXFileReference; name = "WorkSans-Regular.ttf"; path = "../assets/fonts/WorkSans-Regular.ttf"; sourceTree = "<group>"; fileEncoding = undefined; lastKnownFileType = unknown; explicitFileType = undefined; includeInIndex = 0; };
		63E299B3C66F4802BAD1A7F4 /* WorkSans-SemiBold.ttf */ = {isa = PBXFileReference; name = "WorkSans-SemiBold.ttf"; path = "../assets/fonts/WorkSans-SemiBold.ttf"; sourceTree = "<group>"; fileEncoding = undefined; lastKnownFileType = unknown; explicitFileType = undefined; includeInIndex = 0; };
		8EB0028AC8F24A9C9C4F9354 /* AntDesign.ttf */ = {isa = PBXFileReference; name = "AntDesign.ttf"; path = "../node_modules/native-base/Fonts/AntDesign.ttf"; sourceTree = "<group>"; fileEncoding = undefined; lastKnownFileType = unknown; explicitFileType = undefined; includeInIndex = 0; };
		87D67AE4DADF4B2C9CFE3F48 /* Entypo.ttf */ = {isa = PBXFileReference; name = "Entypo.ttf"; path = "../node_modules/native-base/Fonts/Entypo.ttf"; sourceTree = "<group>"; fileEncoding = undefined; lastKnownFileType = unknown; explicitFileType = undefined; includeInIndex = 0; };
		F5C96D32873A443987FA759A /* EvilIcons.ttf */ = {isa = PBXFileReference; name = "EvilIcons.ttf"; path = "../node_modules/native-base/Fonts/EvilIcons.ttf"; sourceTree = "<group>"; fileEncoding = undefined; lastKnownFileType = unknown; explicitFileType = undefined; includeInIndex = 0; };
		1696E5DF8E6048FFB135BC2F /* Feather.ttf */ = {isa = PBXFileReference; name = "Feather.ttf"; path = "../node_modules/native-base/Fonts/Feather.ttf"; sourceTree = "<group>"; fileEncoding = undefined; lastKnownFileType = unknown; explicitFileType = undefined; includeInIndex = 0; };
		3D63CC33E7974D2F85713E35 /* FontAwesome.ttf */ = {isa = PBXFileReference; name = "FontAwesome.ttf"; path = "../node_modules/native-base/Fonts/FontAwesome.ttf"; sourceTree = "<group>"; fileEncoding = undefined; lastKnownFileType = unknown; explicitFileType = undefined; includeInIndex = 0; };
		AA59389F4B08442097A6EF37 /* FontAwesome5_Brands.ttf */ = {isa = PBXFileReference; name = "FontAwesome5_Brands.ttf"; path = "../node_modules/native-base/Fonts/FontAwesome5_Brands.ttf"; sourceTree = "<group>"; fileEncoding = undefined; lastKnownFileType = unknown; explicitFileType = undefined; includeInIndex = 0; };
		80A83A9CD48E479CB541C87C /* FontAwesome5_Regular.ttf */ = {isa = PBXFileReference; name = "FontAwesome5_Regular.ttf"; path = "../node_modules/native-base/Fonts/FontAwesome5_Regular.ttf"; sourceTree = "<group>"; fileEncoding = undefined; lastKnownFileType = unknown; explicitFileType = undefined; includeInIndex = 0; };
		89524DFCDF874DECB79D4AC5 /* FontAwesome5_Solid.ttf */ = {isa = PBXFileReference; name = "FontAwesome5_Solid.ttf"; path = "../node_modules/native-base/Fonts/FontAwesome5_Solid.ttf"; sourceTree = "<group>"; fileEncoding = undefined; lastKnownFileType = unknown; explicitFileType = undefined; includeInIndex = 0; };
		0DEEB98B966A4C8183513886 /* Fontisto.ttf */ = {isa = PBXFileReference; name = "Fontisto.ttf"; path = "../node_modules/native-base/Fonts/Fontisto.ttf"; sourceTree = "<group>"; fileEncoding = undefined; lastKnownFileType = unknown; explicitFileType = undefined; includeInIndex = 0; };
		ED99CF3A0A8F471F9E285007 /* Foundation.ttf */ = {isa = PBXFileReference; name = "Foundation.ttf"; path = "../node_modules/native-base/Fonts/Foundation.ttf"; sourceTree = "<group>"; fileEncoding = undefined; lastKnownFileType = unknown; explicitFileType = undefined; includeInIndex = 0; };
		94F5A8019B2F4DF9996474A6 /* Ionicons.ttf */ = {isa = PBXFileReference; name = "Ionicons.ttf"; path = "../node_modules/native-base/Fonts/Ionicons.ttf"; sourceTree = "<group>"; fileEncoding = undefined; lastKnownFileType = unknown; explicitFileType = undefined; includeInIndex = 0; };
		4D3D81F28AFC41EEA37D5569 /* MaterialCommunityIcons.ttf */ = {isa = PBXFileReference; name = "MaterialCommunityIcons.ttf"; path = "../node_modules/native-base/Fonts/MaterialCommunityIcons.ttf"; sourceTree = "<group>"; fileEncoding = undefined; lastKnownFileType = unknown; explicitFileType = undefined; includeInIndex = 0; };
		AFF7D3B29DBC4B07BF0D41A3 /* MaterialIcons.ttf */ = {isa = PBXFileReference; name = "MaterialIcons.ttf"; path = "../node_modules/native-base/Fonts/MaterialIcons.ttf"; sourceTree = "<group>"; fileEncoding = undefined; lastKnownFileType = unknown; explicitFileType = undefined; includeInIndex = 0; };
		C94CB5C2CB444D6CA126A422 /* Octicons.ttf */ = {isa = PBXFileReference; name = "Octicons.ttf"; path = "../node_modules/native-base/Fonts/Octicons.ttf"; sourceTree = "<group>"; fileEncoding = undefined; lastKnownFileType = unknown; explicitFileType = undefined; includeInIndex = 0; };
		63755C4C6F0149249A8C3792 /* Roboto_medium.ttf */ = {isa = PBXFileReference; name = "Roboto_medium.ttf"; path = "../node_modules/native-base/Fonts/Roboto_medium.ttf"; sourceTree = "<group>"; fileEncoding = undefined; lastKnownFileType = unknown; explicitFileType = undefined; includeInIndex = 0; };
		E0AC5961E48E4519966EA79A /* Roboto.ttf */ = {isa = PBXFileReference; name = "Roboto.ttf"; path = "../node_modules/native-base/Fonts/Roboto.ttf"; sourceTree = "<group>"; fileEncoding = undefined; lastKnownFileType = unknown; explicitFileType = undefined; includeInIndex = 0; };
		0E7A0A9766064763A5A7EA28 /* rubicon-icon-font.ttf */ = {isa = PBXFileReference; name = "rubicon-icon-font.ttf"; path = "../node_modules/native-base/Fonts/rubicon-icon-font.ttf"; sourceTree = "<group>"; fileEncoding = undefined; lastKnownFileType = unknown; explicitFileType = undefined; includeInIndex = 0; };
		B9137115565B452796BBE7B7 /* SimpleLineIcons.ttf */ = {isa = PBXFileReference; name = "SimpleLineIcons.ttf"; path = "../node_modules/native-base/Fonts/SimpleLineIcons.ttf"; sourceTree = "<group>"; fileEncoding = undefined; lastKnownFileType = unknown; explicitFileType = undefined; includeInIndex = 0; };
		E745EB2EA1564D60A53A9219 /* Zocial.ttf */ = {isa = PBXFileReference; name = "Zocial.ttf"; path = "../node_modules/native-base/Fonts/Zocial.ttf"; sourceTree = "<group>"; fileEncoding = undefined; lastKnownFileType = unknown; explicitFileType = undefined; includeInIndex = 0; };
/* End PBXFileReference section */

/* Begin PBXFrameworksBuildPhase section */
		00E356EB1AD99517003FC87E /* Frameworks */ = {
			isa = PBXFrameworksBuildPhase;
			buildActionMask = 2147483647;
			files = (
				0F3522109361715305461021 /* libPods-SafelyMobileApp-SafelyMobileAppTests.a in Frameworks */,
			);
			runOnlyForDeploymentPostprocessing = 0;
		};
		13B07F8C1A680F5B00A75B9A /* Frameworks */ = {
			isa = PBXFrameworksBuildPhase;
			buildActionMask = 2147483647;
			files = (
				7C8D52B47E76A3384B6A486F /* libPods-SafelyMobileApp.a in Frameworks */,
			);
			runOnlyForDeploymentPostprocessing = 0;
		};
/* End PBXFrameworksBuildPhase section */

/* Begin PBXGroup section */
		00E356EF1AD99517003FC87E /* SafelyMobileAppTests */ = {
			isa = PBXGroup;
			children = (
				00E356F21AD99517003FC87E /* SafelyMobileAppTests.m */,
				00E356F01AD99517003FC87E /* Supporting Files */,
			);
			path = SafelyMobileAppTests;
			sourceTree = "<group>";
		};
		00E356F01AD99517003FC87E /* Supporting Files */ = {
			isa = PBXGroup;
			children = (
				00E356F11AD99517003FC87E /* Info.plist */,
			);
			name = "Supporting Files";
			sourceTree = "<group>";
		};
		13B07FAE1A68108700A75B9A /* SafelyMobileApp */ = {
			isa = PBXGroup;
			children = (
				13B07FAF1A68108700A75B9A /* AppDelegate.h */,
				13B07FB01A68108700A75B9A /* AppDelegate.m */,
				13B07FB51A68108700A75B9A /* Images.xcassets */,
				13B07FB61A68108700A75B9A /* Info.plist */,
				81AB9BB72411601600AC10FF /* LaunchScreen.storyboard */,
				13B07FB71A68108700A75B9A /* main.m */,
			);
			name = SafelyMobileApp;
			sourceTree = "<group>";
		};
		2D16E6871FA4F8E400B85C8A /* Frameworks */ = {
			isa = PBXGroup;
			children = (
				ED297162215061F000B7C4FE /* JavaScriptCore.framework */,
				250425FAD6E620AC2C2E6B1A /* libPods-SafelyMobileApp.a */,
				A087B44191647BE9184DE8FB /* libPods-SafelyMobileApp-SafelyMobileAppTests.a */,
			);
			name = Frameworks;
			sourceTree = "<group>";
		};
		535EA77F565E9B17AD613772 /* Pods */ = {
			isa = PBXGroup;
			children = (
				5D04A5F003D31754A50239FA /* Pods-SafelyMobileApp.debug.xcconfig */,
				61F5CB49AB1B2BB3B6717DFA /* Pods-SafelyMobileApp.release.xcconfig */,
				586A291A9D9B9232FF4FD416 /* Pods-SafelyMobileApp-SafelyMobileAppTests.debug.xcconfig */,
				F92B0C2233BF2FB4213AF907 /* Pods-SafelyMobileApp-SafelyMobileAppTests.release.xcconfig */,
			);
			path = Pods;
			sourceTree = "<group>";
		};
		832341AE1AAA6A7D00B99B32 /* Libraries */ = {
			isa = PBXGroup;
			children = (
			);
			name = Libraries;
			sourceTree = "<group>";
		};
		83CBB9F61A601CBA00E9B192 = {
			isa = PBXGroup;
			children = (
				13B07FAE1A68108700A75B9A /* SafelyMobileApp */,
				832341AE1AAA6A7D00B99B32 /* Libraries */,
				00E356EF1AD99517003FC87E /* SafelyMobileAppTests */,
				83CBBA001A601CBA00E9B192 /* Products */,
				2D16E6871FA4F8E400B85C8A /* Frameworks */,
				535EA77F565E9B17AD613772 /* Pods */,
				10B0F36BE767431EAC662499 /* Resources */,
			);
			indentWidth = 2;
			sourceTree = "<group>";
			tabWidth = 2;
			usesTabs = 0;
		};
		83CBBA001A601CBA00E9B192 /* Products */ = {
			isa = PBXGroup;
			children = (
				13B07F961A680F5B00A75B9A /* SafelyMobileApp.app */,
				00E356EE1AD99517003FC87E /* SafelyMobileAppTests.xctest */,
			);
			name = Products;
			sourceTree = "<group>";
		};
		10B0F36BE767431EAC662499 /* Resources */ = {
			isa = "PBXGroup";
			children = (
				18266672FDAC49A3912008B8 /* AntDesign.ttf */,
				C2879EE94C3C4D77B17CE2CB /* Entypo.ttf */,
				E6470DFD5E384C05A1F58659 /* EvilIcons.ttf */,
				04154088E2A64878A5E1A243 /* Feather.ttf */,
				6527F7A672924AF1BB40AEDA /* FontAwesome.ttf */,
				8B2C773E245141A4BF4E47A8 /* FontAwesome5_Brands.ttf */,
				F7945488FC994657B39B6782 /* FontAwesome5_Regular.ttf */,
				614674DA41FD4395971754A8 /* FontAwesome5_Solid.ttf */,
				9C23EA53CE574E58BF55B842 /* Fontisto.ttf */,
				B4FDA046BCE64C2FB702A2F6 /* Foundation.ttf */,
				35A02553ABF44D3A8FFFB0AE /* Ionicons.ttf */,
				96C02071A5EA4255B26D79C2 /* MaterialCommunityIcons.ttf */,
				7391FAD5AB12403F92559D7A /* MaterialIcons.ttf */,
				08C8AC90691A4BDC922BE9F3 /* Octicons.ttf */,
				BBEF7BFC7D0A4EF1A35D936C /* SimpleLineIcons.ttf */,
				7C156AFD814A4B47B6CEF264 /* Zocial.ttf */,
				F16236F2DDAD41139C8B0574 /* WorkSans-Bold.ttf */,
				78B7A4FA1C8E4F619D049236 /* WorkSans-Light.ttf */,
				D3600D4B9B6042B48DBEE5E3 /* WorkSans-Medium.ttf */,
				958FA48E4EAF4177A5292417 /* WorkSans-Regular.ttf */,
				63E299B3C66F4802BAD1A7F4 /* WorkSans-SemiBold.ttf */,
				8EB0028AC8F24A9C9C4F9354 /* AntDesign.ttf */,
				87D67AE4DADF4B2C9CFE3F48 /* Entypo.ttf */,
				F5C96D32873A443987FA759A /* EvilIcons.ttf */,
				1696E5DF8E6048FFB135BC2F /* Feather.ttf */,
				3D63CC33E7974D2F85713E35 /* FontAwesome.ttf */,
				AA59389F4B08442097A6EF37 /* FontAwesome5_Brands.ttf */,
				80A83A9CD48E479CB541C87C /* FontAwesome5_Regular.ttf */,
				89524DFCDF874DECB79D4AC5 /* FontAwesome5_Solid.ttf */,
				0DEEB98B966A4C8183513886 /* Fontisto.ttf */,
				ED99CF3A0A8F471F9E285007 /* Foundation.ttf */,
				94F5A8019B2F4DF9996474A6 /* Ionicons.ttf */,
				4D3D81F28AFC41EEA37D5569 /* MaterialCommunityIcons.ttf */,
				AFF7D3B29DBC4B07BF0D41A3 /* MaterialIcons.ttf */,
				C94CB5C2CB444D6CA126A422 /* Octicons.ttf */,
				63755C4C6F0149249A8C3792 /* Roboto_medium.ttf */,
				E0AC5961E48E4519966EA79A /* Roboto.ttf */,
				0E7A0A9766064763A5A7EA28 /* rubicon-icon-font.ttf */,
				B9137115565B452796BBE7B7 /* SimpleLineIcons.ttf */,
				E745EB2EA1564D60A53A9219 /* Zocial.ttf */,
			);
			name = Resources;
			sourceTree = "<group>";
			path = "";
		};
/* End PBXGroup section */

/* Begin PBXNativeTarget section */
		00E356ED1AD99517003FC87E /* SafelyMobileAppTests */ = {
			isa = PBXNativeTarget;
			buildConfigurationList = 00E357021AD99517003FC87E /* Build configuration list for PBXNativeTarget "SafelyMobileAppTests" */;
			buildPhases = (
				78BE6D5128324E181EC7E07A /* [CP] Check Pods Manifest.lock */,
				00E356EA1AD99517003FC87E /* Sources */,
				00E356EB1AD99517003FC87E /* Frameworks */,
				00E356EC1AD99517003FC87E /* Resources */,
				242B34D8B85B3F656703931A /* [CP] Copy Pods Resources */,
			);
			buildRules = (
			);
			dependencies = (
				00E356F51AD99517003FC87E /* PBXTargetDependency */,
			);
			name = SafelyMobileAppTests;
			productName = SafelyMobileAppTests;
			productReference = 00E356EE1AD99517003FC87E /* SafelyMobileAppTests.xctest */;
			productType = "com.apple.product-type.bundle.unit-test";
		};
		13B07F861A680F5B00A75B9A /* SafelyMobileApp */ = {
			isa = PBXNativeTarget;
			buildConfigurationList = 13B07F931A680F5B00A75B9A /* Build configuration list for PBXNativeTarget "SafelyMobileApp" */;
			buildPhases = (
				75BE625854E977A281193DAE /* [CP] Check Pods Manifest.lock */,
				FD10A7F022414F080027D42C /* Start Packager */,
				13B07F871A680F5B00A75B9A /* Sources */,
				13B07F8C1A680F5B00A75B9A /* Frameworks */,
				13B07F8E1A680F5B00A75B9A /* Resources */,
				00DD1BFF1BD5951E006B06BC /* Bundle React Native code and images */,
				065A6D935917BC7385FB685B /* [CP] Copy Pods Resources */,
			);
			buildRules = (
			);
			dependencies = (
			);
			name = SafelyMobileApp;
			productName = SafelyMobileApp;
			productReference = 13B07F961A680F5B00A75B9A /* SafelyMobileApp.app */;
			productType = "com.apple.product-type.application";
		};
/* End PBXNativeTarget section */

/* Begin PBXProject section */
		83CBB9F71A601CBA00E9B192 /* Project object */ = {
			isa = PBXProject;
			attributes = {
				LastUpgradeCheck = 1210;
				TargetAttributes = {
					00E356ED1AD99517003FC87E = {
						CreatedOnToolsVersion = 6.2;
						TestTargetID = 13B07F861A680F5B00A75B9A;
					};
					13B07F861A680F5B00A75B9A = {
						LastSwiftMigration = 1120;
					};
				};
			};
			buildConfigurationList = 83CBB9FA1A601CBA00E9B192 /* Build configuration list for PBXProject "SafelyMobileApp" */;
			compatibilityVersion = "Xcode 12.0";
			developmentRegion = en;
			hasScannedForEncodings = 0;
			knownRegions = (
				en,
				Base,
			);
			mainGroup = 83CBB9F61A601CBA00E9B192;
			productRefGroup = 83CBBA001A601CBA00E9B192 /* Products */;
			projectDirPath = "";
			projectRoot = "";
			targets = (
				13B07F861A680F5B00A75B9A /* SafelyMobileApp */,
				00E356ED1AD99517003FC87E /* SafelyMobileAppTests */,
			);
		};
/* End PBXProject section */

/* Begin PBXResourcesBuildPhase section */
		00E356EC1AD99517003FC87E /* Resources */ = {
			isa = PBXResourcesBuildPhase;
			buildActionMask = 2147483647;
			files = (
			);
			runOnlyForDeploymentPostprocessing = 0;
		};
		13B07F8E1A680F5B00A75B9A /* Resources */ = {
			isa = PBXResourcesBuildPhase;
			buildActionMask = 2147483647;
			files = (
				81AB9BB82411601600AC10FF /* LaunchScreen.storyboard in Resources */,
				13B07FBF1A68108700A75B9A /* Images.xcassets in Resources */,
				B495E33914504614905878F4 /* AntDesign.ttf in Resources */,
				930D8696CF844B07BFABDD87 /* Entypo.ttf in Resources */,
				19FEB2FAC4054FC0B6ED7A67 /* EvilIcons.ttf in Resources */,
				5AD5C1826970484B87BB556F /* Feather.ttf in Resources */,
				D85618413C5F40F5986FC500 /* FontAwesome.ttf in Resources */,
				E3EDC0981BA6405EBCB741C6 /* FontAwesome5_Brands.ttf in Resources */,
				C7C0AFBAAC4F487288172748 /* FontAwesome5_Regular.ttf in Resources */,
				F4D41AB7FBCA4197A614FBD8 /* FontAwesome5_Solid.ttf in Resources */,
				BEC4B39E06924C53839A71A5 /* Fontisto.ttf in Resources */,
				FCFF6FC1D4F5409CA7EB767E /* Foundation.ttf in Resources */,
				5A22D9FC4F9547F7B864841B /* Ionicons.ttf in Resources */,
				E4CA7006896A44C3A6D89803 /* MaterialCommunityIcons.ttf in Resources */,
				9663C643C3344A848001D462 /* MaterialIcons.ttf in Resources */,
				4DAB970BFA5A4C76971B42AE /* Octicons.ttf in Resources */,
				F143A9FCA3FE4C73AB32B5C1 /* SimpleLineIcons.ttf in Resources */,
				3D19FEFA325148A4A3305EE7 /* Zocial.ttf in Resources */,
				9B6B45DC1EAF4950B3D2B29E /* WorkSans-Bold.ttf in Resources */,
				CD2FE51CBFAB4BA49BC35C9D /* WorkSans-Light.ttf in Resources */,
				4BE61604263A42EDBF85F416 /* WorkSans-Medium.ttf in Resources */,
				732427AA8E3D4EE7918ECDF0 /* WorkSans-Regular.ttf in Resources */,
				2D5853BF3E2144E6B300127A /* WorkSans-SemiBold.ttf in Resources */,
				60697CC9BDEC45ED9193F4BE /* AntDesign.ttf in Resources */,
				807A1ADAB0744B16AFA203AC /* Entypo.ttf in Resources */,
				6B00CEEEE5DA453DA66E8300 /* EvilIcons.ttf in Resources */,
				C60D6C640E7C4654B21E74D4 /* Feather.ttf in Resources */,
				0A039C2DD47544648BEE9E85 /* FontAwesome.ttf in Resources */,
				64D08990A91442379C50D414 /* FontAwesome5_Brands.ttf in Resources */,
				A28A66DB28974E399FFF9C91 /* FontAwesome5_Regular.ttf in Resources */,
				168C6776F0B9480FBA8E16DD /* FontAwesome5_Solid.ttf in Resources */,
				81F5EF8F24FD47A590C3C146 /* Fontisto.ttf in Resources */,
				955DBF022A414C40948F4291 /* Foundation.ttf in Resources */,
				63193E340A1545A58C2BC5CF /* Ionicons.ttf in Resources */,
				2A81B5DF4748461FB94307E6 /* MaterialCommunityIcons.ttf in Resources */,
				FB0998CDBBC7490286E3B642 /* MaterialIcons.ttf in Resources */,
				ACF79A1967164CB0A27BD367 /* Octicons.ttf in Resources */,
				BDF2EE36FD324DF3B58D268A /* Roboto_medium.ttf in Resources */,
				D6601C5F46DB4AA283663A5A /* Roboto.ttf in Resources */,
				B47E819C8F7D468596E212F0 /* rubicon-icon-font.ttf in Resources */,
				EBD8F56D5B26474589BE2774 /* SimpleLineIcons.ttf in Resources */,
				431F9139B8574FF3AD1C7808 /* Zocial.ttf in Resources */,
			);
			runOnlyForDeploymentPostprocessing = 0;
		};
/* End PBXResourcesBuildPhase section */

/* Begin PBXShellScriptBuildPhase section */
		00DD1BFF1BD5951E006B06BC /* Bundle React Native code and images */ = {
			isa = PBXShellScriptBuildPhase;
			buildActionMask = 2147483647;
			files = (
			);
			inputPaths = (
			);
			name = "Bundle React Native code and images";
			outputPaths = (
			);
			runOnlyForDeploymentPostprocessing = 0;
			shellPath = /bin/sh;
			shellScript = "set -e\n\nexport NODE_BINARY=node\n../node_modules/react-native/scripts/react-native-xcode.sh\n";
		};
		065A6D935917BC7385FB685B /* [CP] Copy Pods Resources */ = {
			isa = PBXShellScriptBuildPhase;
			buildActionMask = 2147483647;
			files = (
			);
			inputFileListPaths = (
				"${PODS_ROOT}/Target Support Files/Pods-SafelyMobileApp/Pods-SafelyMobileApp-resources-${CONFIGURATION}-input-files.xcfilelist",
			);
			name = "[CP] Copy Pods Resources";
			outputFileListPaths = (
				"${PODS_ROOT}/Target Support Files/Pods-SafelyMobileApp/Pods-SafelyMobileApp-resources-${CONFIGURATION}-output-files.xcfilelist",
			);
			runOnlyForDeploymentPostprocessing = 0;
			shellPath = /bin/sh;
			shellScript = "\"${PODS_ROOT}/Target Support Files/Pods-SafelyMobileApp/Pods-SafelyMobileApp-resources.sh\"\n";
			showEnvVarsInLog = 0;
		};
		242B34D8B85B3F656703931A /* [CP] Copy Pods Resources */ = {
			isa = PBXShellScriptBuildPhase;
			buildActionMask = 2147483647;
			files = (
			);
			inputFileListPaths = (
				"${PODS_ROOT}/Target Support Files/Pods-SafelyMobileApp-SafelyMobileAppTests/Pods-SafelyMobileApp-SafelyMobileAppTests-resources-${CONFIGURATION}-input-files.xcfilelist",
			);
			name = "[CP] Copy Pods Resources";
			outputFileListPaths = (
				"${PODS_ROOT}/Target Support Files/Pods-SafelyMobileApp-SafelyMobileAppTests/Pods-SafelyMobileApp-SafelyMobileAppTests-resources-${CONFIGURATION}-output-files.xcfilelist",
			);
			runOnlyForDeploymentPostprocessing = 0;
			shellPath = /bin/sh;
			shellScript = "\"${PODS_ROOT}/Target Support Files/Pods-SafelyMobileApp-SafelyMobileAppTests/Pods-SafelyMobileApp-SafelyMobileAppTests-resources.sh\"\n";
			showEnvVarsInLog = 0;
		};
		75BE625854E977A281193DAE /* [CP] Check Pods Manifest.lock */ = {
			isa = PBXShellScriptBuildPhase;
			buildActionMask = 2147483647;
			files = (
			);
			inputFileListPaths = (
			);
			inputPaths = (
				"${PODS_PODFILE_DIR_PATH}/Podfile.lock",
				"${PODS_ROOT}/Manifest.lock",
			);
			name = "[CP] Check Pods Manifest.lock";
			outputFileListPaths = (
			);
			outputPaths = (
				"$(DERIVED_FILE_DIR)/Pods-SafelyMobileApp-checkManifestLockResult.txt",
			);
			runOnlyForDeploymentPostprocessing = 0;
			shellPath = /bin/sh;
			shellScript = "diff \"${PODS_PODFILE_DIR_PATH}/Podfile.lock\" \"${PODS_ROOT}/Manifest.lock\" > /dev/null\nif [ $? != 0 ] ; then\n    # print error to STDERR\n    echo \"error: The sandbox is not in sync with the Podfile.lock. Run 'pod install' or update your CocoaPods installation.\" >&2\n    exit 1\nfi\n# This output is used by Xcode 'outputs' to avoid re-running this script phase.\necho \"SUCCESS\" > \"${SCRIPT_OUTPUT_FILE_0}\"\n";
			showEnvVarsInLog = 0;
		};
		78BE6D5128324E181EC7E07A /* [CP] Check Pods Manifest.lock */ = {
			isa = PBXShellScriptBuildPhase;
			buildActionMask = 2147483647;
			files = (
			);
			inputFileListPaths = (
			);
			inputPaths = (
				"${PODS_PODFILE_DIR_PATH}/Podfile.lock",
				"${PODS_ROOT}/Manifest.lock",
			);
			name = "[CP] Check Pods Manifest.lock";
			outputFileListPaths = (
			);
			outputPaths = (
				"$(DERIVED_FILE_DIR)/Pods-SafelyMobileApp-SafelyMobileAppTests-checkManifestLockResult.txt",
			);
			runOnlyForDeploymentPostprocessing = 0;
			shellPath = /bin/sh;
			shellScript = "diff \"${PODS_PODFILE_DIR_PATH}/Podfile.lock\" \"${PODS_ROOT}/Manifest.lock\" > /dev/null\nif [ $? != 0 ] ; then\n    # print error to STDERR\n    echo \"error: The sandbox is not in sync with the Podfile.lock. Run 'pod install' or update your CocoaPods installation.\" >&2\n    exit 1\nfi\n# This output is used by Xcode 'outputs' to avoid re-running this script phase.\necho \"SUCCESS\" > \"${SCRIPT_OUTPUT_FILE_0}\"\n";
			showEnvVarsInLog = 0;
		};
		FD10A7F022414F080027D42C /* Start Packager */ = {
			isa = PBXShellScriptBuildPhase;
			buildActionMask = 2147483647;
			files = (
			);
			inputFileListPaths = (
			);
			inputPaths = (
			);
			name = "Start Packager";
			outputFileListPaths = (
			);
			outputPaths = (
			);
			runOnlyForDeploymentPostprocessing = 0;
			shellPath = /bin/sh;
			shellScript = "export RCT_METRO_PORT=\"${RCT_METRO_PORT:=8081}\"\necho \"export RCT_METRO_PORT=${RCT_METRO_PORT}\" > \"${SRCROOT}/../node_modules/react-native/scripts/.packager.env\"\nif [ -z \"${RCT_NO_LAUNCH_PACKAGER+xxx}\" ] ; then\n  if nc -w 5 -z localhost ${RCT_METRO_PORT} ; then\n    if ! curl -s \"http://localhost:${RCT_METRO_PORT}/status\" | grep -q \"packager-status:running\" ; then\n      echo \"Port ${RCT_METRO_PORT} already in use, packager is either not running or not running correctly\"\n      exit 2\n    fi\n  else\n    open \"$SRCROOT/../node_modules/react-native/scripts/launchPackager.command\" || echo \"Can't start packager automatically\"\n  fi\nfi\n";
			showEnvVarsInLog = 0;
		};
/* End PBXShellScriptBuildPhase section */

/* Begin PBXSourcesBuildPhase section */
		00E356EA1AD99517003FC87E /* Sources */ = {
			isa = PBXSourcesBuildPhase;
			buildActionMask = 2147483647;
			files = (
				00E356F31AD99517003FC87E /* SafelyMobileAppTests.m in Sources */,
			);
			runOnlyForDeploymentPostprocessing = 0;
		};
		13B07F871A680F5B00A75B9A /* Sources */ = {
			isa = PBXSourcesBuildPhase;
			buildActionMask = 2147483647;
			files = (
				13B07FBC1A68108700A75B9A /* AppDelegate.m in Sources */,
				13B07FC11A68108700A75B9A /* main.m in Sources */,
			);
			runOnlyForDeploymentPostprocessing = 0;
		};
/* End PBXSourcesBuildPhase section */

/* Begin PBXTargetDependency section */
		00E356F51AD99517003FC87E /* PBXTargetDependency */ = {
			isa = PBXTargetDependency;
			target = 13B07F861A680F5B00A75B9A /* SafelyMobileApp */;
			targetProxy = 00E356F41AD99517003FC87E /* PBXContainerItemProxy */;
		};
/* End PBXTargetDependency section */

/* Begin XCBuildConfiguration section */
		00E356F61AD99517003FC87E /* Debug */ = {
			isa = XCBuildConfiguration;
			baseConfigurationReference = 586A291A9D9B9232FF4FD416 /* Pods-SafelyMobileApp-SafelyMobileAppTests.debug.xcconfig */;
			buildSettings = {
				BUNDLE_LOADER = "$(TEST_HOST)";
				GCC_PREPROCESSOR_DEFINITIONS = (
					"DEBUG=1",
					"$(inherited)",
				);
				INFOPLIST_FILE = SafelyMobileAppTests/Info.plist;
				IPHONEOS_DEPLOYMENT_TARGET = 10.0;
				LD_RUNPATH_SEARCH_PATHS = (
					"$(inherited)",
					"@executable_path/Frameworks",
					"@loader_path/Frameworks",
				);
				OTHER_LDFLAGS = (
					"-ObjC",
					"-lc++",
					"$(inherited)",
				);
				PRODUCT_BUNDLE_IDENTIFIER = "org.reactjs.native.example.$(PRODUCT_NAME:rfc1034identifier)";
				PRODUCT_NAME = "$(TARGET_NAME)";
				TEST_HOST = "$(BUILT_PRODUCTS_DIR)/SafelyMobileApp.app/SafelyMobileApp";
			};
			name = Debug;
		};
		00E356F71AD99517003FC87E /* Release */ = {
			isa = XCBuildConfiguration;
			baseConfigurationReference = F92B0C2233BF2FB4213AF907 /* Pods-SafelyMobileApp-SafelyMobileAppTests.release.xcconfig */;
			buildSettings = {
				BUNDLE_LOADER = "$(TEST_HOST)";
				COPY_PHASE_STRIP = NO;
				INFOPLIST_FILE = SafelyMobileAppTests/Info.plist;
				IPHONEOS_DEPLOYMENT_TARGET = 10.0;
				LD_RUNPATH_SEARCH_PATHS = (
					"$(inherited)",
					"@executable_path/Frameworks",
					"@loader_path/Frameworks",
				);
				OTHER_LDFLAGS = (
					"-ObjC",
					"-lc++",
					"$(inherited)",
				);
				PRODUCT_BUNDLE_IDENTIFIER = "org.reactjs.native.example.$(PRODUCT_NAME:rfc1034identifier)";
				PRODUCT_NAME = "$(TARGET_NAME)";
				TEST_HOST = "$(BUILT_PRODUCTS_DIR)/SafelyMobileApp.app/SafelyMobileApp";
			};
			name = Release;
		};
		13B07F941A680F5B00A75B9A /* Debug */ = {
			isa = XCBuildConfiguration;
			baseConfigurationReference = 5D04A5F003D31754A50239FA /* Pods-SafelyMobileApp.debug.xcconfig */;
			buildSettings = {
				ASSETCATALOG_COMPILER_APPICON_NAME = AppIcon;
				CLANG_ENABLE_MODULES = YES;
				CURRENT_PROJECT_VERSION = 1;
				DEVELOPMENT_TEAM = KX9967RYER;
				ENABLE_BITCODE = NO;
				INFOPLIST_FILE = SafelyMobileApp/Info.plist;
				LD_RUNPATH_SEARCH_PATHS = (
					"$(inherited)",
					"@executable_path/Frameworks",
				);
				OTHER_LDFLAGS = (
					"$(inherited)",
					"-ObjC",
					"-lc++",
				);
				PRODUCT_BUNDLE_IDENTIFIER = "org.reactjs.native.example.$(PRODUCT_NAME:rfc1034identifier)";
				PRODUCT_NAME = SafelyMobileApp;
				SWIFT_OPTIMIZATION_LEVEL = "-Onone";
				SWIFT_VERSION = 5.0;
				VERSIONING_SYSTEM = "apple-generic";
			};
			name = Debug;
		};
		13B07F951A680F5B00A75B9A /* Release */ = {
			isa = XCBuildConfiguration;
			baseConfigurationReference = 61F5CB49AB1B2BB3B6717DFA /* Pods-SafelyMobileApp.release.xcconfig */;
			buildSettings = {
				ASSETCATALOG_COMPILER_APPICON_NAME = AppIcon;
				CLANG_ENABLE_MODULES = YES;
				CURRENT_PROJECT_VERSION = 1;
				DEVELOPMENT_TEAM = KX9967RYER;
				INFOPLIST_FILE = SafelyMobileApp/Info.plist;
				LD_RUNPATH_SEARCH_PATHS = (
					"$(inherited)",
					"@executable_path/Frameworks",
				);
				OTHER_LDFLAGS = (
					"$(inherited)",
					"-ObjC",
					"-lc++",
				);
				PRODUCT_BUNDLE_IDENTIFIER = "org.reactjs.native.example.$(PRODUCT_NAME:rfc1034identifier)";
				PRODUCT_NAME = SafelyMobileApp;
				SWIFT_VERSION = 5.0;
				VERSIONING_SYSTEM = "apple-generic";
			};
			name = Release;
		};
		83CBBA201A601CBA00E9B192 /* Debug */ = {
			isa = XCBuildConfiguration;
			buildSettings = {
				ALWAYS_SEARCH_USER_PATHS = NO;
				CLANG_ANALYZER_LOCALIZABILITY_NONLOCALIZED = YES;
				CLANG_CXX_LANGUAGE_STANDARD = "gnu++0x";
				CLANG_CXX_LIBRARY = "libc++";
				CLANG_ENABLE_MODULES = YES;
				CLANG_ENABLE_OBJC_ARC = YES;
				CLANG_WARN_BLOCK_CAPTURE_AUTORELEASING = YES;
				CLANG_WARN_BOOL_CONVERSION = YES;
				CLANG_WARN_COMMA = YES;
				CLANG_WARN_CONSTANT_CONVERSION = YES;
				CLANG_WARN_DEPRECATED_OBJC_IMPLEMENTATIONS = YES;
				CLANG_WARN_DIRECT_OBJC_ISA_USAGE = YES_ERROR;
				CLANG_WARN_EMPTY_BODY = YES;
				CLANG_WARN_ENUM_CONVERSION = YES;
				CLANG_WARN_INFINITE_RECURSION = YES;
				CLANG_WARN_INT_CONVERSION = YES;
				CLANG_WARN_NON_LITERAL_NULL_CONVERSION = YES;
				CLANG_WARN_OBJC_IMPLICIT_RETAIN_SELF = YES;
				CLANG_WARN_OBJC_LITERAL_CONVERSION = YES;
				CLANG_WARN_OBJC_ROOT_CLASS = YES_ERROR;
				CLANG_WARN_QUOTED_INCLUDE_IN_FRAMEWORK_HEADER = YES;
				CLANG_WARN_RANGE_LOOP_ANALYSIS = YES;
				CLANG_WARN_STRICT_PROTOTYPES = YES;
				CLANG_WARN_SUSPICIOUS_MOVE = YES;
				CLANG_WARN_UNREACHABLE_CODE = YES;
				CLANG_WARN__DUPLICATE_METHOD_MATCH = YES;
				"CODE_SIGN_IDENTITY[sdk=iphoneos*]" = "iPhone Developer";
				COPY_PHASE_STRIP = NO;
				ENABLE_STRICT_OBJC_MSGSEND = YES;
				ENABLE_TESTABILITY = YES;
				"EXCLUDED_ARCHS[sdk=iphonesimulator*]" = "arm64 ";
				GCC_C_LANGUAGE_STANDARD = gnu99;
				GCC_DYNAMIC_NO_PIC = NO;
				GCC_NO_COMMON_BLOCKS = YES;
				GCC_OPTIMIZATION_LEVEL = 0;
				GCC_PREPROCESSOR_DEFINITIONS = (
					"DEBUG=1",
					"$(inherited)",
				);
				GCC_SYMBOLS_PRIVATE_EXTERN = NO;
				GCC_WARN_64_TO_32_BIT_CONVERSION = YES;
				GCC_WARN_ABOUT_RETURN_TYPE = YES_ERROR;
				GCC_WARN_UNDECLARED_SELECTOR = YES;
				GCC_WARN_UNINITIALIZED_AUTOS = YES_AGGRESSIVE;
				GCC_WARN_UNUSED_FUNCTION = YES;
				GCC_WARN_UNUSED_VARIABLE = YES;
				IPHONEOS_DEPLOYMENT_TARGET = 10.0;
				LD_RUNPATH_SEARCH_PATHS = (
					/usr/lib/swift,
					"$(inherited)",
				);
				LIBRARY_SEARCH_PATHS = (
					"\"$(TOOLCHAIN_DIR)/usr/lib/swift/$(PLATFORM_NAME)\"",
					"\"$(TOOLCHAIN_DIR)/usr/lib/swift-5.0/$(PLATFORM_NAME)\"",
					"\"$(inherited)\"",
				);
				MTL_ENABLE_DEBUG_INFO = YES;
				ONLY_ACTIVE_ARCH = YES;
				SDKROOT = iphoneos;
			};
			name = Debug;
		};
		83CBBA211A601CBA00E9B192 /* Release */ = {
			isa = XCBuildConfiguration;
			buildSettings = {
				ALWAYS_SEARCH_USER_PATHS = NO;
				CLANG_ANALYZER_LOCALIZABILITY_NONLOCALIZED = YES;
				CLANG_CXX_LANGUAGE_STANDARD = "gnu++0x";
				CLANG_CXX_LIBRARY = "libc++";
				CLANG_ENABLE_MODULES = YES;
				CLANG_ENABLE_OBJC_ARC = YES;
				CLANG_WARN_BLOCK_CAPTURE_AUTORELEASING = YES;
				CLANG_WARN_BOOL_CONVERSION = YES;
				CLANG_WARN_COMMA = YES;
				CLANG_WARN_CONSTANT_CONVERSION = YES;
				CLANG_WARN_DEPRECATED_OBJC_IMPLEMENTATIONS = YES;
				CLANG_WARN_DIRECT_OBJC_ISA_USAGE = YES_ERROR;
				CLANG_WARN_EMPTY_BODY = YES;
				CLANG_WARN_ENUM_CONVERSION = YES;
				CLANG_WARN_INFINITE_RECURSION = YES;
				CLANG_WARN_INT_CONVERSION = YES;
				CLANG_WARN_NON_LITERAL_NULL_CONVERSION = YES;
				CLANG_WARN_OBJC_IMPLICIT_RETAIN_SELF = YES;
				CLANG_WARN_OBJC_LITERAL_CONVERSION = YES;
				CLANG_WARN_OBJC_ROOT_CLASS = YES_ERROR;
				CLANG_WARN_QUOTED_INCLUDE_IN_FRAMEWORK_HEADER = YES;
				CLANG_WARN_RANGE_LOOP_ANALYSIS = YES;
				CLANG_WARN_STRICT_PROTOTYPES = YES;
				CLANG_WARN_SUSPICIOUS_MOVE = YES;
				CLANG_WARN_UNREACHABLE_CODE = YES;
				CLANG_WARN__DUPLICATE_METHOD_MATCH = YES;
				"CODE_SIGN_IDENTITY[sdk=iphoneos*]" = "iPhone Developer";
				COPY_PHASE_STRIP = YES;
				ENABLE_NS_ASSERTIONS = NO;
				ENABLE_STRICT_OBJC_MSGSEND = YES;
				"EXCLUDED_ARCHS[sdk=iphonesimulator*]" = "arm64 ";
				GCC_C_LANGUAGE_STANDARD = gnu99;
				GCC_NO_COMMON_BLOCKS = YES;
				GCC_WARN_64_TO_32_BIT_CONVERSION = YES;
				GCC_WARN_ABOUT_RETURN_TYPE = YES_ERROR;
				GCC_WARN_UNDECLARED_SELECTOR = YES;
				GCC_WARN_UNINITIALIZED_AUTOS = YES_AGGRESSIVE;
				GCC_WARN_UNUSED_FUNCTION = YES;
				GCC_WARN_UNUSED_VARIABLE = YES;
				IPHONEOS_DEPLOYMENT_TARGET = 10.0;
				LD_RUNPATH_SEARCH_PATHS = (
					/usr/lib/swift,
					"$(inherited)",
				);
				LIBRARY_SEARCH_PATHS = (
					"\"$(TOOLCHAIN_DIR)/usr/lib/swift/$(PLATFORM_NAME)\"",
					"\"$(TOOLCHAIN_DIR)/usr/lib/swift-5.0/$(PLATFORM_NAME)\"",
					"\"$(inherited)\"",
				);
				MTL_ENABLE_DEBUG_INFO = NO;
				SDKROOT = iphoneos;
				VALIDATE_PRODUCT = YES;
			};
			name = Release;
		};
/* End XCBuildConfiguration section */

/* Begin XCConfigurationList section */
		00E357021AD99517003FC87E /* Build configuration list for PBXNativeTarget "SafelyMobileAppTests" */ = {
			isa = XCConfigurationList;
			buildConfigurations = (
				00E356F61AD99517003FC87E /* Debug */,
				00E356F71AD99517003FC87E /* Release */,
			);
			defaultConfigurationIsVisible = 0;
			defaultConfigurationName = Release;
		};
		13B07F931A680F5B00A75B9A /* Build configuration list for PBXNativeTarget "SafelyMobileApp" */ = {
			isa = XCConfigurationList;
			buildConfigurations = (
				13B07F941A680F5B00A75B9A /* Debug */,
				13B07F951A680F5B00A75B9A /* Release */,
			);
			defaultConfigurationIsVisible = 0;
			defaultConfigurationName = Release;
		};
		83CBB9FA1A601CBA00E9B192 /* Build configuration list for PBXProject "SafelyMobileApp" */ = {
			isa = XCConfigurationList;
			buildConfigurations = (
				83CBBA201A601CBA00E9B192 /* Debug */,
				83CBBA211A601CBA00E9B192 /* Release */,
			);
			defaultConfigurationIsVisible = 0;
			defaultConfigurationName = Release;
		};
/* End XCConfigurationList section */
	};
	rootObject = 83CBB9F71A601CBA00E9B192 /* Project object */;
}
